
Microsoft Visual Studio Solution File, Format Version 12.00
# Visual Studio Version 17
VisualStudioVersion = 17.11.35327.3
MinimumVisualStudioVersion = 10.0.40219.1
Project("{FAE04EC0-301F-11D3-BF4B-00C04F79EFBC}") = "ConsoleApp23", "ConsoleApp23.csproj", "{6DB644D0-09D5-4BFE-BF74-3E7B2D41669C}"
EndProject
Global
	GlobalSection(SolutionConfigurationPlatforms) = preSolution
		Debug|Any CPU = Debug|Any CPU
		Release|Any CPU = Release|Any CPU
	EndGlobalSection
	GlobalSection(ProjectConfigurationPlatforms) = postSolution
		{6DB644D0-09D5-4BFE-BF74-3E7B2D41669C}.Debug|Any CPU.ActiveCfg = Debug|Any CPU
		{6DB644D0-09D5-4BFE-BF74-3E7B2D41669C}.Debug|Any CPU.Build.0 = Debug|Any CPU
		{6DB644D0-09D5-4BFE-BF74-3E7B2D41669C}.Release|Any CPU.ActiveCfg = Release|Any CPU
		{6DB644D0-09D5-4BFE-BF74-3E7B2D41669C}.Release|Any CPU.Build.0 = Release|Any CPU
	EndGlobalSection
	GlobalSection(SolutionProperties) = preSolution
		HideSolutionNode = FALSE
	EndGlobalSection
	GlobalSection(ExtensibilityGlobals) = postSolution
		SolutionGuid = {32AB1CE5-385F-4461-8FD7-8E88AB584EC9}
	EndGlobalSection
EndGlobal
